
Microsoft Visual Studio Solution File, Format Version 12.00
# Visual Studio 15
VisualStudioVersion = 15.0.26124.0
MinimumVisualStudioVersion = 15.0.26124.0
Project("{2150E333-8FDC-42A3-9474-1A3956D46DE8}") = "src", "src", "{8EACB064-F04D-4399-967E-47559955B9AD}"
EndProject
Project("{FAE04EC0-301F-11D3-BF4B-00C04F79EFBC}") = "GradeBook", "src\GradeBook\GradeBook.csproj", "{C7B5F819-35D2-4DF2-8274-2738AAFEE739}"
EndProject
Project("{2150E333-8FDC-42A3-9474-1A3956D46DE8}") = "test", "test", "{6EA65A24-842C-4BC2-A99E-6FC0E9C2FF26}"
EndProject
Project("{FAE04EC0-301F-11D3-BF4B-00C04F79EFBC}") = "GradeBook.Tests", "test\GradeBook.Tests\GradeBook.Tests.csproj", "{DAE7C0ED-0216-41E4-A782-212C02E7FB13}"
EndProject
Global
	GlobalSection(SolutionConfigurationPlatforms) = preSolution
		Debug|Any CPU = Debug|Any CPU
		Debug|x64 = Debug|x64
		Debug|x86 = Debug|x86
		Release|Any CPU = Release|Any CPU
		Release|x64 = Release|x64
		Release|x86 = Release|x86
	EndGlobalSection
	GlobalSection(SolutionProperties) = preSolution
		HideSolutionNode = FALSE
	EndGlobalSection
	GlobalSection(ProjectConfigurationPlatforms) = postSolution
		{C7B5F819-35D2-4DF2-8274-2738AAFEE739}.Debug|Any CPU.ActiveCfg = Debug|Any CPU
		{C7B5F819-35D2-4DF2-8274-2738AAFEE739}.Debug|Any CPU.Build.0 = Debug|Any CPU
		{C7B5F819-35D2-4DF2-8274-2738AAFEE739}.Debug|x64.ActiveCfg = Debug|Any CPU
		{C7B5F819-35D2-4DF2-8274-2738AAFEE739}.Debug|x64.Build.0 = Debug|Any CPU
		{C7B5F819-35D2-4DF2-8274-2738AAFEE739}.Debug|x86.ActiveCfg = Debug|Any CPU
		{C7B5F819-35D2-4DF2-8274-2738AAFEE739}.Debug|x86.Build.0 = Debug|Any CPU
		{C7B5F819-35D2-4DF2-8274-2738AAFEE739}.Release|Any CPU.ActiveCfg = Release|Any CPU
		{C7B5F819-35D2-4DF2-8274-2738AAFEE739}.Release|Any CPU.Build.0 = Release|Any CPU
		{C7B5F819-35D2-4DF2-8274-2738AAFEE739}.Release|x64.ActiveCfg = Release|Any CPU
		{C7B5F819-35D2-4DF2-8274-2738AAFEE739}.Release|x64.Build.0 = Release|Any CPU
		{C7B5F819-35D2-4DF2-8274-2738AAFEE739}.Release|x86.ActiveCfg = Release|Any CPU
		{C7B5F819-35D2-4DF2-8274-2738AAFEE739}.Release|x86.Build.0 = Release|Any CPU
		{DAE7C0ED-0216-41E4-A782-212C02E7FB13}.Debug|Any CPU.ActiveCfg = Debug|Any CPU
		{DAE7C0ED-0216-41E4-A782-212C02E7FB13}.Debug|Any CPU.Build.0 = Debug|Any CPU
		{DAE7C0ED-0216-41E4-A782-212C02E7FB13}.Debug|x64.ActiveCfg = Debug|Any CPU
		{DAE7C0ED-0216-41E4-A782-212C02E7FB13}.Debug|x64.Build.0 = Debug|Any CPU
		{DAE7C0ED-0216-41E4-A782-212C02E7FB13}.Debug|x86.ActiveCfg = Debug|Any CPU
		{DAE7C0ED-0216-41E4-A782-212C02E7FB13}.Debug|x86.Build.0 = Debug|Any CPU
		{DAE7C0ED-0216-41E4-A782-212C02E7FB13}.Release|Any CPU.ActiveCfg = Release|Any CPU
		{DAE7C0ED-0216-41E4-A782-212C02E7FB13}.Release|Any CPU.Build.0 = Release|Any CPU
		{DAE7C0ED-0216-41E4-A782-212C02E7FB13}.Release|x64.ActiveCfg = Release|Any CPU
		{DAE7C0ED-0216-41E4-A782-212C02E7FB13}.Release|x64.Build.0 = Release|Any CPU
		{DAE7C0ED-0216-41E4-A782-212C02E7FB13}.Release|x86.ActiveCfg = Release|Any CPU
		{DAE7C0ED-0216-41E4-A782-212C02E7FB13}.Release|x86.Build.0 = Release|Any CPU
	EndGlobalSection
	GlobalSection(NestedProjects) = preSolution
		{C7B5F819-35D2-4DF2-8274-2738AAFEE739} = {8EACB064-F04D-4399-967E-47559955B9AD}
		{DAE7C0ED-0216-41E4-A782-212C02E7FB13} = {6EA65A24-842C-4BC2-A99E-6FC0E9C2FF26}
	EndGlobalSection
EndGlobal
